
Microsoft Visual Studio Solution File, Format Version 12.00
# Visual Studio 15
VisualStudioVersion = 15.0.28307.705
MinimumVisualStudioVersion = 10.0.40219.1
Project("{FAE04EC0-301F-11D3-BF4B-00C04F79EFBC}") = "fewd", "fewd\fewd.csproj", "{23F27DE7-5DF2-4792-97A6-B30E2A0D3FDD}"
EndProject
Global
	GlobalSection(SolutionConfigurationPlatforms) = preSolution
		Debug|Any CPU = Debug|Any CPU
		Release|Any CPU = Release|Any CPU
	EndGlobalSection
	GlobalSection(ProjectConfigurationPlatforms) = postSolution
		{23F27DE7-5DF2-4792-97A6-B30E2A0D3FDD}.Debug|Any CPU.ActiveCfg = Debug|Any CPU
		{23F27DE7-5DF2-4792-97A6-B30E2A0D3FDD}.Debug|Any CPU.Build.0 = Debug|Any CPU
		{23F27DE7-5DF2-4792-97A6-B30E2A0D3FDD}.Release|Any CPU.ActiveCfg = Release|Any CPU
		{23F27DE7-5DF2-4792-97A6-B30E2A0D3FDD}.Release|Any CPU.Build.0 = Release|Any CPU
	EndGlobalSection
	GlobalSection(SolutionProperties) = preSolution
		HideSolutionNode = FALSE
	EndGlobalSection
	GlobalSection(ExtensibilityGlobals) = postSolution
		SolutionGuid = {BE8CFD1F-9C4E-4DEA-B5B2-D271E939F720}
	EndGlobalSection
EndGlobal
